
Microsoft Visual Studio Solution File, Format Version 12.00
# Visual Studio Version 16
VisualStudioVersion = 16.0.30907.101
MinimumVisualStudioVersion = 10.0.40219.1
Project("{FAE04EC0-301F-11D3-BF4B-00C04F79EFBC}") = "MinIODemo.Consoling", "MinIODemo.Consoling\MinIODemo.Consoling.csproj", "{1DBBA51A-669D-49C1-9788-A349A54422C7}"
EndProject
Global
	GlobalSection(SolutionConfigurationPlatforms) = preSolution
		Debug|Any CPU = Debug|Any CPU
		Release|Any CPU = Release|Any CPU
	EndGlobalSection
	GlobalSection(ProjectConfigurationPlatforms) = postSolution
		{1DBBA51A-669D-49C1-9788-A349A54422C7}.Debug|Any CPU.ActiveCfg = Debug|Any CPU
		{1DBBA51A-669D-49C1-9788-A349A54422C7}.Debug|Any CPU.Build.0 = Debug|Any CPU
		{1DBBA51A-669D-49C1-9788-A349A54422C7}.Release|Any CPU.ActiveCfg = Release|Any CPU
		{1DBBA51A-669D-49C1-9788-A349A54422C7}.Release|Any CPU.Build.0 = Release|Any CPU
	EndGlobalSection
	GlobalSection(SolutionProperties) = preSolution
		HideSolutionNode = FALSE
	EndGlobalSection
	GlobalSection(ExtensibilityGlobals) = postSolution
		SolutionGuid = {1B3694A9-EE90-441E-B879-3EBD84FA59B9}
	EndGlobalSection
EndGlobal
